Microsoft Visual Studio Solution File, Format Version 11.00
# Visual Studio 2008

Project("{B0664683-7CA9-BFB2-2116-BA62C7B6EDFF}") = "Proyecto Amira's Game", "Assembly-CSharp.csproj", "{D5E2F40A-477B-551B-5672-9202CB7FB811}"
EndProject
Global
	GlobalSection(SolutionConfigurationPlatforms) = preSolution
		Debug|Any CPU = Debug|Any CPU
		Release|Any CPU = Release|Any CPU
	EndGlobalSection
	GlobalSection(ProjectConfigurationPlatforms) = postSolution
		{D5E2F40A-477B-551B-5672-9202CB7FB811}.Debug|Any CPU.ActiveCfg = Debug|Any CPU
		{D5E2F40A-477B-551B-5672-9202CB7FB811}.Debug|Any CPU.Build.0 = Debug|Any CPU
		{D5E2F40A-477B-551B-5672-9202CB7FB811}.Release|Any CPU.ActiveCfg = Release|Any CPU
		{D5E2F40A-477B-551B-5672-9202CB7FB811}.Release|Any CPU.Build.0 = Release|Any CPU
	EndGlobalSection
	GlobalSection(SolutionProperties) = preSolution
		HideSolutionNode = FALSE
	EndGlobalSection
	GlobalSection(MonoDevelopProperties) = preSolution
		StartupItem = Assembly-CSharp.csproj
	EndGlobalSection
EndGlobal
